// !$*UTF8*$!
{
	archiveVersion = 1;
	classes = {
	};
	objectVersion = 46;
	objects = {

/* Begin PBXBuildFile section */
		A9AA328DA5A4F007385D2920 /* libPods.a in Frameworks */ = {isa = PBXBuildFile; fileRef = 5D9833FC2E008F8A90B06B6A /* libPods.a */; };
		EA0162721E236085009AB64D /* main.m in Sources */ = {isa = PBXBuildFile; fileRef = EA0162711E236085009AB64D /* main.m */; };
		EA0162751E236085009AB64D /* AppDelegate.m in Sources */ = {isa = PBXBuildFile; fileRef = EA0162741E236085009AB64D /* AppDelegate.m */; };
		EA0162781E236085009AB64D /* ViewController.m in Sources */ = {isa = PBXBuildFile; fileRef = EA0162771E236085009AB64D /* ViewController.m */; };
		EA01627B1E236085009AB64D /* Main.storyboard in Resources */ = {isa = PBXBuildFile; fileRef = EA0162791E236085009AB64D /* Main.storyboard */; };
		EA01627D1E236085009AB64D /* Assets.xcassets in Resources */ = {isa = PBXBuildFile; fileRef = EA01627C1E236085009AB64D /* Assets.xcassets */; };
		EA0162801E236085009AB64D /* LaunchScreen.storyboard in Resources */ = {isa = PBXBuildFile; fileRef = EA01627E1E236085009AB64D /* LaunchScreen.storyboard */; };
		EA0162891E23615E009AB64D /* MyTableViewCell.m in Sources */ = {isa = PBXBuildFile; fileRef = EA0162881E23615E009AB64D /* MyTableViewCell.m */; };
		EA01628B1E23670B009AB64D /* placeholder.jpg in Resources */ = {isa = PBXBuildFile; fileRef = EA01628A1E23670B009AB64D /* placeholder.jpg */; };
		EA01628E1E237007009AB64D /* ImageFetcher.m in Sources */ = {isa = PBXBuildFile; fileRef = EA01628D1E237007009AB64D /* ImageFetcher.m */; };
		EA6CEB701E24B95800E363FA /* 16.jpg in Resources */ = {isa = PBXBuildFile; fileRef = EA6CEB6F1E24B95800E363FA /* 16.jpg */; };
		EA7AB6FA1E2381AB00F6C57E /* UIImageView+TLImage.m in Sources */ = {isa = PBXBuildFile; fileRef = EA7AB6F91E2381AB00F6C57E /* UIImageView+TLImage.m */; };
/* End PBXBuildFile section */

/* Begin PBXFileReference section */
		34447A17AA9AA7933696E576 /* Pods.debug.xcconfig */ = {isa = PBXFileReference; includeInIndex = 1; lastKnownFileType = text.xcconfig; name = Pods.debug.xcconfig; path = "Pods/Target Support Files/Pods/Pods.debug.xcconfig"; sourceTree = "<group>"; };
		444B204C7175CFFF4E067DBF /* Pods.release.xcconfig */ = {isa = PBXFileReference; includeInIndex = 1; lastKnownFileType = text.xcconfig; name = Pods.release.xcconfig; path = "Pods/Target Support Files/Pods/Pods.release.xcconfig"; sourceTree = "<group>"; };
		5D9833FC2E008F8A90B06B6A /* libPods.a */ = {isa = PBXFileReference; explicitFileType = archive.ar; includeInIndex = 0; path = libPods.a; sourceTree = BUILT_PRODUCTS_DIR; };
		EA01626D1E236085009AB64D /* TLWebImage.app */ = {isa = PBXFileReference; explicitFileType = wrapper.application; includeInIndex = 0; path = TLWebImage.app; sourceTree = BUILT_PRODUCTS_DIR; };
		EA0162711E236085009AB64D /* main.m */ = {isa = PBXFileReference; lastKnownFileType = sourcecode.c.objc; path = main.m; sourceTree = "<group>"; };
		EA0162731E236085009AB64D /* AppDelegate.h */ = {isa = PBXFileReference; lastKnownFileType = sourcecode.c.h; path = AppDelegate.h; sourceTree = "<group>"; };
		EA0162741E236085009AB64D /* AppDelegate.m */ = {isa = PBXFileReference; lastKnownFileType = sourcecode.c.objc; path = AppDelegate.m; sourceTree = "<group>"; };
		EA0162761E236085009AB64D /* ViewController.h */ = {isa = PBXFileReference; lastKnownFileType = sourcecode.c.h; path = ViewController.h; sourceTree = "<group>"; };
		EA0162771E236085009AB64D /* ViewController.m */ = {isa = PBXFileReference; lastKnownFileType = sourcecode.c.objc; path = ViewController.m; sourceTree = "<group>"; };
		EA01627A1E236085009AB64D /* Base */ = {isa = PBXFileReference; lastKnownFileType = file.storyboard; name = Base; path = Base.lproj/Main.storyboard; sourceTree = "<group>"; };
		EA01627C1E236085009AB64D /* Assets.xcassets */ = {isa = PBXFileReference; lastKnownFileType = folder.assetcatalog; path = Assets.xcassets; sourceTree = "<group>"; };
		EA01627F1E236085009AB64D /* Base */ = {isa = PBXFileReference; lastKnownFileType = file.storyboard; name = Base; path = Base.lproj/LaunchScreen.storyboard; sourceTree = "<group>"; };
		EA0162811E236085009AB64D /* Info.plist */ = {isa = PBXFileReference; lastKnownFileType = text.plist.xml; path = Info.plist; sourceTree = "<group>"; };
		EA0162871E23615E009AB64D /* MyTableViewCell.h */ = {isa = PBXFileReference; fileEncoding = 4; lastKnownFileType = sourcecode.c.h; path = MyTableViewCell.h; sourceTree = "<group>"; };
		EA0162881E23615E009AB64D /* MyTableViewCell.m */ = {isa = PBXFileReference; fileEncoding = 4; lastKnownFileType = sourcecode.c.objc; path = MyTableViewCell.m; sourceTree = "<group>"; };
		EA01628A1E23670B009AB64D /* placeholder.jpg */ = {isa = PBXFileReference; lastKnownFileType = image.jpeg; path = placeholder.jpg; sourceTree = "<group>"; };
		EA01628C1E237007009AB64D /* ImageFetcher.h */ = {isa = PBXFileReference; fileEncoding = 4; lastKnownFileType = sourcecode.c.h; path = ImageFetcher.h; sourceTree = "<group>"; };
		EA01628D1E237007009AB64D /* ImageFetcher.m */ = {isa = PBXFileReference; fileEncoding = 4; lastKnownFileType = sourcecode.c.objc; path = ImageFetcher.m; sourceTree = "<group>"; };
		EA6CEB6F1E24B95800E363FA /* 16.jpg */ = {isa = PBXFileReference; lastKnownFileType = image.jpeg; path = 16.jpg; sourceTree = "<group>"; };
		EA7AB6F81E2381AB00F6C57E /* UIImageView+TLImage.h */ = {isa = PBXFileReference; fileEncoding = 4; lastKnownFileType = sourcecode.c.h; path = "UIImageView+TLImage.h"; sourceTree = "<group>"; };
		EA7AB6F91E2381AB00F6C57E /* UIImageView+TLImage.m */ = {isa = PBXFileReference; fileEncoding = 4; lastKnownFileType = sourcecode.c.objc; path = "UIImageView+TLImage.m"; sourceTree = "<group>"; };
/* End PBXFileReference section */

/* Begin PBXFrameworksBuildPhase section */
		EA01626A1E236085009AB64D /* Frameworks */ = {
			isa = PBXFrameworksBuildPhase;
			buildActionMask = 2147483647;
			files = (
				A9AA328DA5A4F007385D2920 /* libPods.a in Frameworks */,
			);
			runOnlyForDeploymentPostprocessing = 0;
		};
/* End PBXFrameworksBuildPhase section */

/* Begin PBXGroup section */
		4A3544345DC2826C863F71F9 /* Pods */ = {
			isa = PBXGroup;
			children = (
				34447A17AA9AA7933696E576 /* Pods.debug.xcconfig */,
				444B204C7175CFFF4E067DBF /* Pods.release.xcconfig */,
			);
			name = Pods;
			sourceTree = "<group>";
		};
		65E63FB9568044B33613D351 /* Frameworks */ = {
			isa = PBXGroup;
			children = (
				5D9833FC2E008F8A90B06B6A /* libPods.a */,
			);
			name = Frameworks;
			sourceTree = "<group>";
		};
		EA0162641E236085009AB64D = {
			isa = PBXGroup;
			children = (
				EA6CEB6F1E24B95800E363FA /* 16.jpg */,
				EA01628A1E23670B009AB64D /* placeholder.jpg */,
				EA01626F1E236085009AB64D /* TLWebImage */,
				EA01626E1E236085009AB64D /* Products */,
				4A3544345DC2826C863F71F9 /* Pods */,
				65E63FB9568044B33613D351 /* Frameworks */,
			);
			sourceTree = "<group>";
		};
		EA01626E1E236085009AB64D /* Products */ = {
			isa = PBXGroup;
			children = (
				EA01626D1E236085009AB64D /* TLWebImage.app */,
			);
			name = Products;
			sourceTree = "<group>";
		};
		EA01626F1E236085009AB64D /* TLWebImage */ = {
			isa = PBXGroup;
			children = (
				EA0162731E236085009AB64D /* AppDelegate.h */,
				EA0162741E236085009AB64D /* AppDelegate.m */,
				EA0162761E236085009AB64D /* ViewController.h */,
				EA0162771E236085009AB64D /* ViewController.m */,
				EA0162791E236085009AB64D /* Main.storyboard */,
				EA01627C1E236085009AB64D /* Assets.xcassets */,
				EA01627E1E236085009AB64D /* LaunchScreen.storyboard */,
				EA0162811E236085009AB64D /* Info.plist */,
				EA0162701E236085009AB64D /* Supporting Files */,
				EA0162871E23615E009AB64D /* MyTableViewCell.h */,
				EA0162881E23615E009AB64D /* MyTableViewCell.m */,
				EA01628C1E237007009AB64D /* ImageFetcher.h */,
				EA01628D1E237007009AB64D /* ImageFetcher.m */,
				EA7AB6F81E2381AB00F6C57E /* UIImageView+TLImage.h */,
				EA7AB6F91E2381AB00F6C57E /* UIImageView+TLImage.m */,
			);
			path = TLWebImage;
			sourceTree = "<group>";
		};
		EA0162701E236085009AB64D /* Supporting Files */ = {
			isa = PBXGroup;
			children = (
				EA0162711E236085009AB64D /* main.m */,
			);
			name = "Supporting Files";
			sourceTree = "<group>";
		};
/* End PBXGroup section */

/* Begin PBXNativeTarget section */
		EA01626C1E236085009AB64D /* TLWebImage */ = {
			isa = PBXNativeTarget;
			buildConfigurationList = EA0162841E236085009AB64D /* Build configuration list for PBXNativeTarget "TLWebImage" */;
			buildPhases = (
				7B80935D4380D224B73EDB74 /* Check Pods Manifest.lock */,
				EA0162691E236085009AB64D /* Sources */,
				EA01626A1E236085009AB64D /* Frameworks */,
				EA01626B1E236085009AB64D /* Resources */,
				BD87AD460489A4CDA1146C42 /* Copy Pods Resources */,
			);
			buildRules = (
			);
			dependencies = (
			);
			name = TLWebImage;
			productName = TLWebImage;
			productReference = EA01626D1E236085009AB64D /* TLWebImage.app */;
			productType = "com.apple.product-type.application";
		};
/* End PBXNativeTarget section */

/* Begin PBXProject section */
		EA0162651E236085009AB64D /* Project object */ = {
			isa = PBXProject;
			attributes = {
				LastUpgradeCheck = 0820;
				ORGANIZATIONNAME = Tony;
				TargetAttributes = {
					EA01626C1E236085009AB64D = {
						CreatedOnToolsVersion = 8.2;
						DevelopmentTeam = UVLX4292NF;
						ProvisioningStyle = Automatic;
					};
				};
			};
			buildConfigurationList = EA0162681E236085009AB64D /* Build configuration list for PBXProject "TLWebImage" */;
			compatibilityVersion = "Xcode 3.2";
			developmentRegion = English;
			hasScannedForEncodings = 0;
			knownRegions = (
				en,
				Base,
			);
			mainGroup = EA0162641E236085009AB64D;
			productRefGroup = EA01626E1E236085009AB64D /* Products */;
			projectDirPath = "";
			projectRoot = "";
			targets = (
				EA01626C1E236085009AB64D /* TLWebImage */,
			);
		};
/* End PBXProject section */

/* Begin PBXResourcesBuildPhase section */
		EA01626B1E236085009AB64D /* Resources */ = {
			isa = PBXResourcesBuildPhase;
			buildActionMask = 2147483647;
			files = (
				EA6CEB701E24B95800E363FA /* 16.jpg in Resources */,
				EA0162801E236085009AB64D /* LaunchScreen.storyboard in Resources */,
				EA01628B1E23670B009AB64D /* placeholder.jpg in Resources */,
				EA01627D1E236085009AB64D /* Assets.xcassets in Resources */,
				EA01627B1E236085009AB64D /* Main.storyboard in Resources */,
			);
			runOnlyForDeploymentPostprocessing = 0;
		};
/* End PBXResourcesBuildPhase section */

/* Begin PBXShellScriptBuildPhase section */
		7B80935D4380D224B73EDB74 /* Check Pods Manifest.lock */ = {
			isa = PBXShellScriptBuildPhase;
			buildActionMask = 2147483647;
			files = (
			);
			inputPaths = (
			);
			name = "Check Pods Manifest.lock";
			outputPaths = (
			);
			runOnlyForDeploymentPostprocessing = 0;
			shellPath = /bin/sh;
			shellScript = "diff \"${PODS_ROOT}/../Podfile.lock\" \"${PODS_ROOT}/Manifest.lock\" > /dev/null\nif [[ $? != 0 ]] ; then\n    cat << EOM\nerror: The sandbox is not in sync with the Podfile.lock. Run 'pod install' or update your CocoaPods installation.\nEOM\n    exit 1\nfi\n";
			showEnvVarsInLog = 0;
		};
		BD87AD460489A4CDA1146C42 /* Copy Pods Resources */ = {
			isa = PBXShellScriptBuildPhase;
			buildActionMask = 2147483647;
			files = (
			);
			inputPaths = (
			);
			name = "Copy Pods Resources";
			outputPaths = (
			);
			runOnlyForDeploymentPostprocessing = 0;
			shellPath = /bin/sh;
			shellScript = "\"${SRCROOT}/Pods/Target Support Files/Pods/Pods-resources.sh\"\n";
			showEnvVarsInLog = 0;
		};
/* End PBXShellScriptBuildPhase section */

/* Begin PBXSourcesBuildPhase section */
		EA0162691E236085009AB64D /* Sources */ = {
			isa = PBXSourcesBuildPhase;
			buildActionMask = 2147483647;
			files = (
				EA7AB6FA1E2381AB00F6C57E /* UIImageView+TLImage.m in Sources */,
				EA0162781E236085009AB64D /* ViewController.m in Sources */,
				EA0162891E23615E009AB64D /* MyTableViewCell.m in Sources */,
				EA0162751E236085009AB64D /* AppDelegate.m in Sources */,
				EA0162721E236085009AB64D /* main.m in Sources */,
				EA01628E1E237007009AB64D /* ImageFetcher.m in Sources */,
			);
			runOnlyForDeploymentPostprocessing = 0;
		};
/* End PBXSourcesBuildPhase section */

/* Begin PBXVariantGroup section */
		EA0162791E236085009AB64D /* Main.storyboard */ = {
			isa = PBXVariantGroup;
			children = (
				EA01627A1E236085009AB64D /* Base */,
			);
			name = Main.storyboard;
			sourceTree = "<group>";
		};
		EA01627E1E236085009AB64D /* LaunchScreen.storyboard */ = {
			isa = PBXVariantGroup;
			children = (
				EA01627F1E236085009AB64D /* Base */,
			);
			name = LaunchScreen.storyboard;
			sourceTree = "<group>";
		};
/* End PBXVariantGroup section */

/* Begin XCBuildConfiguration section */
		EA0162821E236085009AB64D /* Debug */ = {
			isa = XCBuildConfiguration;
			buildSettings = {
				ALWAYS_SEARCH_USER_PATHS = NO;
				CLANG_ANALYZER_NONNULL = YES;
				CLANG_CXX_LANGUAGE_STANDARD = "gnu++0x";
				CLANG_CXX_LIBRARY = "libc++";
				CLANG_ENABLE_MODULES = YES;
				CLANG_ENABLE_OBJC_ARC = YES;
				CLANG_WARN_BOOL_CONVERSION = YES;
				CLANG_WARN_CONSTANT_CONVERSION = YES;
				CLANG_WARN_DIRECT_OBJC_ISA_USAGE = YES_ERROR;
				CLANG_WARN_DOCUMENTATION_COMMENTS = YES;
				CLANG_WARN_EMPTY_BODY = YES;
				CLANG_WARN_ENUM_CONVERSION = YES;
				CLANG_WARN_INFINITE_RECURSION = YES;
				CLANG_WARN_INT_CONVERSION = YES;
				CLANG_WARN_OBJC_ROOT_CLASS = YES_ERROR;
				CLANG_WARN_SUSPICIOUS_MOVE = YES;
				CLANG_WARN_UNREACHABLE_CODE = YES;
				CLANG_WARN__DUPLICATE_METHOD_MATCH = YES;
				"CODE_SIGN_IDENTITY[sdk=iphoneos*]" = "iPhone Developer";
				COPY_PHASE_STRIP = NO;
				DEBUG_INFORMATION_FORMAT = dwarf;
				ENABLE_STRICT_OBJC_MSGSEND = YES;
				ENABLE_TESTABILITY = YES;
				GCC_C_LANGUAGE_STANDARD = gnu99;
				GCC_DYNAMIC_NO_PIC = NO;
				GCC_NO_COMMON_BLOCKS = YES;
				GCC_OPTIMIZATION_LEVEL = 0;
				GCC_PREPROCESSOR_DEFINITIONS = (
					"DEBUG=1",
					"$(inherited)",
				);
				GCC_WARN_64_TO_32_BIT_CONVERSION = YES;
				GCC_WARN_ABOUT_RETURN_TYPE = YES_ERROR;
				GCC_WARN_UNDECLARED_SELECTOR = YES;
				GCC_WARN_UNINITIALIZED_AUTOS = YES_AGGRESSIVE;
				GCC_WARN_UNUSED_FUNCTION = YES;
				GCC_WARN_UNUSED_VARIABLE = YES;
				IPHONEOS_DEPLOYMENT_TARGET = 10.2;
				MTL_ENABLE_DEBUG_INFO = YES;
				ONLY_ACTIVE_ARCH = YES;
				SDKROOT = iphoneos;
			};
			name = Debug;
		};
		EA0162831E236085009AB64D /* Release */ = {
			isa = XCBuildConfiguration;
			buildSettings = {
				ALWAYS_SEARCH_USER_PATHS = NO;
				CLANG_ANALYZER_NONNULL = YES;
				CLANG_CXX_LANGUAGE_STANDARD = "gnu++0x";
				CLANG_CXX_LIBRARY = "libc++";
				CLANG_ENABLE_MODULES = YES;
				CLANG_ENABLE_OBJC_ARC = YES;
				CLANG_WARN_BOOL_CONVERSION = YES;
				CLANG_WARN_CONSTANT_CONVERSION = YES;
				CLANG_WARN_DIRECT_OBJC_ISA_USAGE = YES_ERROR;
				CLANG_WARN_DOCUMENTATION_COMMENTS = YES;
				CLANG_WARN_EMPTY_BODY = YES;
				CLANG_WARN_ENUM_CONVERSION = YES;
				CLANG_WARN_INFINITE_RECURSION = YES;
				CLANG_WARN_INT_CONVERSION = YES;
				CLANG_WARN_OBJC_ROOT_CLASS = YES_ERROR;
				CLANG_WARN_SUSPICIOUS_MOVE = YES;
				CLANG_WARN_UNREACHABLE_CODE = YES;
				CLANG_WARN__DUPLICATE_METHOD_MATCH = YES;
				"CODE_SIGN_IDENTITY[sdk=iphoneos*]" = "iPhone Developer";
				COPY_PHASE_STRIP = NO;
				DEBUG_INFORMATION_FORMAT = "dwarf-with-dsym";
				ENABLE_NS_ASSERTIONS = NO;
				ENABLE_STRICT_OBJC_MSGSEND = YES;
				GCC_C_LANGUAGE_STANDARD = gnu99;
				GCC_NO_COMMON_BLOCKS = YES;
				GCC_WARN_64_TO_32_BIT_CONVERSION = YES;
				GCC_WARN_ABOUT_RETURN_TYPE = YES_ERROR;
				GCC_WARN_UNDECLARED_SELECTOR = YES;
				GCC_WARN_UNINITIALIZED_AUTOS = YES_AGGRESSIVE;
				GCC_WARN_UNUSED_FUNCTION = YES;
				GCC_WARN_UNUSED_VARIABLE = YES;
				IPHONEOS_DEPLOYMENT_TARGET = 10.2;
				MTL_ENABLE_DEBUG_INFO = NO;
				SDKROOT = iphoneos;
				VALIDATE_PRODUCT = YES;
			};
			name = Release;
		};
		EA0162851E236085009AB64D /* Debug */ = {
			isa = XCBuildConfiguration;
			baseConfigurationReference = 34447A17AA9AA7933696E576 /* Pods.debug.xcconfig */;
			buildSettings = {
				ASSETCATALOG_COMPILER_APPICON_NAME = AppIcon;
				DEVELOPMENT_TEAM = UVLX4292NF;
				INFOPLIST_FILE = TLWebImage/Info.plist;
				LD_RUNPATH_SEARCH_PATHS = "$(inherited) @executable_path/Frameworks";
				PRODUCT_BUNDLE_IDENTIFIER = com.Tony.TLWebImage;
				PRODUCT_NAME = "$(TARGET_NAME)";
			};
			name = Debug;
		};
		EA0162861E236085009AB64D /* Release */ = {
			isa = XCBuildConfiguration;
			baseConfigurationReference = 444B204C7175CFFF4E067DBF /* Pods.release.xcconfig */;
			buildSettings = {
				ASSETCATALOG_COMPILER_APPICON_NAME = AppIcon;
				DEVELOPMENT_TEAM = UVLX4292NF;
				INFOPLIST_FILE = TLWebImage/Info.plist;
				LD_RUNPATH_SEARCH_PATHS = "$(inherited) @executable_path/Frameworks";
				PRODUCT_BUNDLE_IDENTIFIER = com.Tony.TLWebImage;
				PRODUCT_NAME = "$(TARGET_NAME)";
			};
			name = Release;
		};
/* End XCBuildConfiguration section */

/* Begin XCConfigurationList section */
		EA0162681E236085009AB64D /* Build configuration list for PBXProject "TLWebImage" */ = {
			isa = XCConfigurationList;
			buildConfigurations = (
				EA0162821E236085009AB64D /* Debug */,
				EA0162831E236085009AB64D /* Release */,
			);
			defaultConfigurationIsVisible = 0;
			defaultConfigurationName = Release;
		};
		EA0162841E236085009AB64D /* Build configuration list for PBXNativeTarget "TLWebImage" */ = {
			isa = XCConfigurationList;
			buildConfigurations = (
				EA0162851E236085009AB64D /* Debug */,
				EA0162861E236085009AB64D /* Release */,
			);
			defaultConfigurationIsVisible = 0;
			defaultConfigurationName = Release;
		};
/* End XCConfigurationList section */
	};
	rootObject = EA0162651E236085009AB64D /* Project object */;
}
